
Microsoft Visual Studio Solution File, Format Version 12.00
# Visual Studio Version 16
VisualStudioVersion = 16.0.30011.22
MinimumVisualStudioVersion = 10.0.40219.1
Project("{9A19103F-16F7-4668-BE54-9A1E7A4F7556}") = "OMF.RestaurantService.Command.Api", "OMF.RestaurantService.Command.Api\OMF.RestaurantService.Command.Api.csproj", "{C4913D36-8B84-4E04-9915-20A76773950D}"
EndProject
Project("{9A19103F-16F7-4668-BE54-9A1E7A4F7556}") = "BaseService", "..\..\Infrastructure\BaseService\BaseService.csproj", "{3948F27B-B745-4C19-A6F5-AB267BEEFC83}"
EndProject
Project("{9A19103F-16F7-4668-BE54-9A1E7A4F7556}") = "DataAccess", "..\..\Infrastructure\DataAccess\DataAccess.csproj", "{086E8F07-0998-4D74-8466-1DC20F4ECC86}"
EndProject
Project("{9A19103F-16F7-4668-BE54-9A1E7A4F7556}") = "ServiceBus", "..\..\Infrastructure\ServiceBus\ServiceBus.csproj", "{542DEAD8-0118-4E7D-944F-1F2D6A9A47E8}"
EndProject
Project("{9A19103F-16F7-4668-BE54-9A1E7A4F7556}") = "OMF.Common", "..\..\OMF.Common\OMF.Common.csproj", "{A3687C80-7DD1-4CE6-9C4A-EF543BE95979}"
EndProject
Project("{9A19103F-16F7-4668-BE54-9A1E7A4F7556}") = "OMF.RestaurantService.Command.Service", "OMF.RestaurantService.Command.Service\OMF.RestaurantService.Command.Service.csproj", "{9C796D14-254E-44D4-A10B-F31C09C890F3}"
EndProject
Project("{9A19103F-16F7-4668-BE54-9A1E7A4F7556}") = "OMF.RestaurantService.Repository", "OMF.RestaurantService.Repository\OMF.RestaurantService.Repository.csproj", "{741570DC-0C83-4372-8CFB-1E3C647E4EAC}"
EndProject
Global
	GlobalSection(SolutionConfigurationPlatforms) = preSolution
		Debug|Any CPU = Debug|Any CPU
		Release|Any CPU = Release|Any CPU
	EndGlobalSection
	GlobalSection(ProjectConfigurationPlatforms) = postSolution
		{C4913D36-8B84-4E04-9915-20A76773950D}.Debug|Any CPU.ActiveCfg = Debug|Any CPU
		{C4913D36-8B84-4E04-9915-20A76773950D}.Debug|Any CPU.Build.0 = Debug|Any CPU
		{C4913D36-8B84-4E04-9915-20A76773950D}.Release|Any CPU.ActiveCfg = Release|Any CPU
		{C4913D36-8B84-4E04-9915-20A76773950D}.Release|Any CPU.Build.0 = Release|Any CPU
		{3948F27B-B745-4C19-A6F5-AB267BEEFC83}.Debug|Any CPU.ActiveCfg = Debug|Any CPU
		{3948F27B-B745-4C19-A6F5-AB267BEEFC83}.Debug|Any CPU.Build.0 = Debug|Any CPU
		{3948F27B-B745-4C19-A6F5-AB267BEEFC83}.Release|Any CPU.ActiveCfg = Release|Any CPU
		{3948F27B-B745-4C19-A6F5-AB267BEEFC83}.Release|Any CPU.Build.0 = Release|Any CPU
		{086E8F07-0998-4D74-8466-1DC20F4ECC86}.Debug|Any CPU.ActiveCfg = Debug|Any CPU
		{086E8F07-0998-4D74-8466-1DC20F4ECC86}.Debug|Any CPU.Build.0 = Debug|Any CPU
		{086E8F07-0998-4D74-8466-1DC20F4ECC86}.Release|Any CPU.ActiveCfg = Release|Any CPU
		{086E8F07-0998-4D74-8466-1DC20F4ECC86}.Release|Any CPU.Build.0 = Release|Any CPU
		{542DEAD8-0118-4E7D-944F-1F2D6A9A47E8}.Debug|Any CPU.ActiveCfg = Debug|Any CPU
		{542DEAD8-0118-4E7D-944F-1F2D6A9A47E8}.Debug|Any CPU.Build.0 = Debug|Any CPU
		{542DEAD8-0118-4E7D-944F-1F2D6A9A47E8}.Release|Any CPU.ActiveCfg = Release|Any CPU
		{542DEAD8-0118-4E7D-944F-1F2D6A9A47E8}.Release|Any CPU.Build.0 = Release|Any CPU
		{A3687C80-7DD1-4CE6-9C4A-EF543BE95979}.Debug|Any CPU.ActiveCfg = Debug|Any CPU
		{A3687C80-7DD1-4CE6-9C4A-EF543BE95979}.Debug|Any CPU.Build.0 = Debug|Any CPU
		{A3687C80-7DD1-4CE6-9C4A-EF543BE95979}.Release|Any CPU.ActiveCfg = Release|Any CPU
		{A3687C80-7DD1-4CE6-9C4A-EF543BE95979}.Release|Any CPU.Build.0 = Release|Any CPU
		{9C796D14-254E-44D4-A10B-F31C09C890F3}.Debug|Any CPU.ActiveCfg = Debug|Any CPU
		{9C796D14-254E-44D4-A10B-F31C09C890F3}.Debug|Any CPU.Build.0 = Debug|Any CPU
		{9C796D14-254E-44D4-A10B-F31C09C890F3}.Release|Any CPU.ActiveCfg = Release|Any CPU
		{9C796D14-254E-44D4-A10B-F31C09C890F3}.Release|Any CPU.Build.0 = Release|Any CPU
		{741570DC-0C83-4372-8CFB-1E3C647E4EAC}.Debug|Any CPU.ActiveCfg = Debug|Any CPU
		{741570DC-0C83-4372-8CFB-1E3C647E4EAC}.Debug|Any CPU.Build.0 = Debug|Any CPU
		{741570DC-0C83-4372-8CFB-1E3C647E4EAC}.Release|Any CPU.ActiveCfg = Release|Any CPU
		{741570DC-0C83-4372-8CFB-1E3C647E4EAC}.Release|Any CPU.Build.0 = Release|Any CPU
	EndGlobalSection
	GlobalSection(SolutionProperties) = preSolution
		HideSolutionNode = FALSE
	EndGlobalSection
	GlobalSection(ExtensibilityGlobals) = postSolution
		SolutionGuid = {9F290FB2-5262-4804-97DC-0979A39741F3}
	EndGlobalSection
EndGlobal
