
Microsoft Visual Studio Solution File, Format Version 12.00
# Visual Studio Version 16
VisualStudioVersion = 16.0.29806.167
MinimumVisualStudioVersion = 15.0.26124.0
Project("{9A19103F-16F7-4668-BE54-9A1E7A4F7556}") = "OMF.RestaurantService.Command", "RestaurantService\Command\OMF.RestaurantService.Command.csproj", "{C9EAAE06-24D2-466F-99D7-74350E9C019E}"
EndProject
Project("{9A19103F-16F7-4668-BE54-9A1E7A4F7556}") = "DataAccess", "Infrastructure\DataAccess\DataAccess.csproj", "{FC2303CC-D7B6-4EA6-83A4-57095917D646}"
EndProject
Project("{9A19103F-16F7-4668-BE54-9A1E7A4F7556}") = "BaseService", "Infrastructure\BaseService\BaseService.csproj", "{67B54D2F-7198-427C-AEFD-791FC2E2D9F8}"
EndProject
Project("{9A19103F-16F7-4668-BE54-9A1E7A4F7556}") = "ServiceBus", "Infrastructure\ServiceBus\ServiceBus.csproj", "{2ACA405A-7CA2-43DC-80E1-8554D74759AB}"
EndProject
Project("{2150E333-8FDC-42A3-9474-1A3956D46DE8}") = "RestaurantService", "RestaurantService", "{FC2CB6CB-EDB9-4A35-BCA1-8EC7CA909B8F}"
EndProject
Project("{9A19103F-16F7-4668-BE54-9A1E7A4F7556}") = "OMF.RestaurantService.Query", "RestaurantService\Query\OMF.RestaurantService.Query.csproj", "{83F1DBC6-6234-4F4D-AEEF-9C14BE9F7923}"
EndProject
Project("{2150E333-8FDC-42A3-9474-1A3956D46DE8}") = "OrderManagementService", "OrderManagementService", "{13C2C793-6065-4F9F-9FC4-DA84BA0706D7}"
EndProject
Project("{9A19103F-16F7-4668-BE54-9A1E7A4F7556}") = "OMF.OrderManagementService.Command", "OrderManagementService\Command\OMF.OrderManagementService.Command.csproj", "{76D0C5F2-50E0-4BBE-BCD2-4F45FA5BF69D}"
EndProject
Project("{9A19103F-16F7-4668-BE54-9A1E7A4F7556}") = "OMF.OrderManagementService.Query", "OrderManagementService\Query\OMF.OrderManagementService.Query.csproj", "{038936DB-04B1-4A38-8939-190DB489B4A5}"
EndProject
Project("{2150E333-8FDC-42A3-9474-1A3956D46DE8}") = "CustomerMangementService", "CustomerMangementService", "{AA388DA3-ACDB-4D00-ABEE-2FE27B41927D}"
EndProject
Project("{9A19103F-16F7-4668-BE54-9A1E7A4F7556}") = "OMF.CustomerManagementService.Query", "CustomerManagementService\Query\OMF.CustomerManagementService.Query.csproj", "{49DCF083-BFF3-45AC-B635-6E270BA90AAB}"
EndProject
Project("{9A19103F-16F7-4668-BE54-9A1E7A4F7556}") = "OMF.CustomerManagementService.Command", "CustomerManagementService\Command\OMF.CustomerManagementService.Command.csproj", "{9447F100-0C06-4389-BA45-60718D5DF9B9}"
EndProject
Project("{2150E333-8FDC-42A3-9474-1A3956D46DE8}") = "ReviewManagementService", "ReviewManagementService", "{1FAA5FA7-531C-4D9C-AB69-288754F55D1F}"
EndProject
Project("{9A19103F-16F7-4668-BE54-9A1E7A4F7556}") = "OMF.ReviewManagementService.Query", "ReviewManagementService\Query\OMF.ReviewManagementService.Query.csproj", "{7564F874-D19B-4390-80DA-FE419E20BC72}"
EndProject
Project("{9A19103F-16F7-4668-BE54-9A1E7A4F7556}") = "OMF.ReviewManagementService.Command", "ReviewManagementService\Command\OMF.ReviewManagementService.Command.csproj", "{F5F4279A-E4F7-4020-9F27-2BA7F3DFFD3D}"
EndProject
Project("{2150E333-8FDC-42A3-9474-1A3956D46DE8}") = "Infrastructure", "Infrastructure", "{6FBE1F45-B2E6-4730-973F-040127184CC7}"
EndProject
Project("{9A19103F-16F7-4668-BE54-9A1E7A4F7556}") = "OMF.Common", "OMF.Common\OMF.Common.csproj", "{48E05826-AB0A-4C19-8BC2-0519CAC33C88}"
EndProject
Global
	GlobalSection(SolutionConfigurationPlatforms) = preSolution
		Debug|Any CPU = Debug|Any CPU
		Debug|x64 = Debug|x64
		Debug|x86 = Debug|x86
		Release|Any CPU = Release|Any CPU
		Release|x64 = Release|x64
		Release|x86 = Release|x86
	EndGlobalSection
	GlobalSection(ProjectConfigurationPlatforms) = postSolution
		{C9EAAE06-24D2-466F-99D7-74350E9C019E}.Debug|Any CPU.ActiveCfg = Debug|Any CPU
		{C9EAAE06-24D2-466F-99D7-74350E9C019E}.Debug|Any CPU.Build.0 = Debug|Any CPU
		{C9EAAE06-24D2-466F-99D7-74350E9C019E}.Debug|x64.ActiveCfg = Debug|Any CPU
		{C9EAAE06-24D2-466F-99D7-74350E9C019E}.Debug|x64.Build.0 = Debug|Any CPU
		{C9EAAE06-24D2-466F-99D7-74350E9C019E}.Debug|x86.ActiveCfg = Debug|Any CPU
		{C9EAAE06-24D2-466F-99D7-74350E9C019E}.Debug|x86.Build.0 = Debug|Any CPU
		{C9EAAE06-24D2-466F-99D7-74350E9C019E}.Release|Any CPU.ActiveCfg = Release|Any CPU
		{C9EAAE06-24D2-466F-99D7-74350E9C019E}.Release|Any CPU.Build.0 = Release|Any CPU
		{C9EAAE06-24D2-466F-99D7-74350E9C019E}.Release|x64.ActiveCfg = Release|Any CPU
		{C9EAAE06-24D2-466F-99D7-74350E9C019E}.Release|x64.Build.0 = Release|Any CPU
		{C9EAAE06-24D2-466F-99D7-74350E9C019E}.Release|x86.ActiveCfg = Release|Any CPU
		{C9EAAE06-24D2-466F-99D7-74350E9C019E}.Release|x86.Build.0 = Release|Any CPU
		{FC2303CC-D7B6-4EA6-83A4-57095917D646}.Debug|Any CPU.ActiveCfg = Debug|Any CPU
		{FC2303CC-D7B6-4EA6-83A4-57095917D646}.Debug|Any CPU.Build.0 = Debug|Any CPU
		{FC2303CC-D7B6-4EA6-83A4-57095917D646}.Debug|x64.ActiveCfg = Debug|Any CPU
		{FC2303CC-D7B6-4EA6-83A4-57095917D646}.Debug|x64.Build.0 = Debug|Any CPU
		{FC2303CC-D7B6-4EA6-83A4-57095917D646}.Debug|x86.ActiveCfg = Debug|Any CPU
		{FC2303CC-D7B6-4EA6-83A4-57095917D646}.Debug|x86.Build.0 = Debug|Any CPU
		{FC2303CC-D7B6-4EA6-83A4-57095917D646}.Release|Any CPU.ActiveCfg = Release|Any CPU
		{FC2303CC-D7B6-4EA6-83A4-57095917D646}.Release|Any CPU.Build.0 = Release|Any CPU
		{FC2303CC-D7B6-4EA6-83A4-57095917D646}.Release|x64.ActiveCfg = Release|Any CPU
		{FC2303CC-D7B6-4EA6-83A4-57095917D646}.Release|x64.Build.0 = Release|Any CPU
		{FC2303CC-D7B6-4EA6-83A4-57095917D646}.Release|x86.ActiveCfg = Release|Any CPU
		{FC2303CC-D7B6-4EA6-83A4-57095917D646}.Release|x86.Build.0 = Release|Any CPU
		{67B54D2F-7198-427C-AEFD-791FC2E2D9F8}.Debug|Any CPU.ActiveCfg = Debug|Any CPU
		{67B54D2F-7198-427C-AEFD-791FC2E2D9F8}.Debug|Any CPU.Build.0 = Debug|Any CPU
		{67B54D2F-7198-427C-AEFD-791FC2E2D9F8}.Debug|x64.ActiveCfg = Debug|Any CPU
		{67B54D2F-7198-427C-AEFD-791FC2E2D9F8}.Debug|x64.Build.0 = Debug|Any CPU
		{67B54D2F-7198-427C-AEFD-791FC2E2D9F8}.Debug|x86.ActiveCfg = Debug|Any CPU
		{67B54D2F-7198-427C-AEFD-791FC2E2D9F8}.Debug|x86.Build.0 = Debug|Any CPU
		{67B54D2F-7198-427C-AEFD-791FC2E2D9F8}.Release|Any CPU.ActiveCfg = Release|Any CPU
		{67B54D2F-7198-427C-AEFD-791FC2E2D9F8}.Release|Any CPU.Build.0 = Release|Any CPU
		{67B54D2F-7198-427C-AEFD-791FC2E2D9F8}.Release|x64.ActiveCfg = Release|Any CPU
		{67B54D2F-7198-427C-AEFD-791FC2E2D9F8}.Release|x64.Build.0 = Release|Any CPU
		{67B54D2F-7198-427C-AEFD-791FC2E2D9F8}.Release|x86.ActiveCfg = Release|Any CPU
		{67B54D2F-7198-427C-AEFD-791FC2E2D9F8}.Release|x86.Build.0 = Release|Any CPU
		{2ACA405A-7CA2-43DC-80E1-8554D74759AB}.Debug|Any CPU.ActiveCfg = Debug|Any CPU
		{2ACA405A-7CA2-43DC-80E1-8554D74759AB}.Debug|Any CPU.Build.0 = Debug|Any CPU
		{2ACA405A-7CA2-43DC-80E1-8554D74759AB}.Debug|x64.ActiveCfg = Debug|Any CPU
		{2ACA405A-7CA2-43DC-80E1-8554D74759AB}.Debug|x64.Build.0 = Debug|Any CPU
		{2ACA405A-7CA2-43DC-80E1-8554D74759AB}.Debug|x86.ActiveCfg = Debug|Any CPU
		{2ACA405A-7CA2-43DC-80E1-8554D74759AB}.Debug|x86.Build.0 = Debug|Any CPU
		{2ACA405A-7CA2-43DC-80E1-8554D74759AB}.Release|Any CPU.ActiveCfg = Release|Any CPU
		{2ACA405A-7CA2-43DC-80E1-8554D74759AB}.Release|Any CPU.Build.0 = Release|Any CPU
		{2ACA405A-7CA2-43DC-80E1-8554D74759AB}.Release|x64.ActiveCfg = Release|Any CPU
		{2ACA405A-7CA2-43DC-80E1-8554D74759AB}.Release|x64.Build.0 = Release|Any CPU
		{2ACA405A-7CA2-43DC-80E1-8554D74759AB}.Release|x86.ActiveCfg = Release|Any CPU
		{2ACA405A-7CA2-43DC-80E1-8554D74759AB}.Release|x86.Build.0 = Release|Any CPU
		{83F1DBC6-6234-4F4D-AEEF-9C14BE9F7923}.Debug|Any CPU.ActiveCfg = Debug|Any CPU
		{83F1DBC6-6234-4F4D-AEEF-9C14BE9F7923}.Debug|Any CPU.Build.0 = Debug|Any CPU
		{83F1DBC6-6234-4F4D-AEEF-9C14BE9F7923}.Debug|x64.ActiveCfg = Debug|Any CPU
		{83F1DBC6-6234-4F4D-AEEF-9C14BE9F7923}.Debug|x64.Build.0 = Debug|Any CPU
		{83F1DBC6-6234-4F4D-AEEF-9C14BE9F7923}.Debug|x86.ActiveCfg = Debug|Any CPU
		{83F1DBC6-6234-4F4D-AEEF-9C14BE9F7923}.Debug|x86.Build.0 = Debug|Any CPU
		{83F1DBC6-6234-4F4D-AEEF-9C14BE9F7923}.Release|Any CPU.ActiveCfg = Release|Any CPU
		{83F1DBC6-6234-4F4D-AEEF-9C14BE9F7923}.Release|Any CPU.Build.0 = Release|Any CPU
		{83F1DBC6-6234-4F4D-AEEF-9C14BE9F7923}.Release|x64.ActiveCfg = Release|Any CPU
		{83F1DBC6-6234-4F4D-AEEF-9C14BE9F7923}.Release|x64.Build.0 = Release|Any CPU
		{83F1DBC6-6234-4F4D-AEEF-9C14BE9F7923}.Release|x86.ActiveCfg = Release|Any CPU
		{83F1DBC6-6234-4F4D-AEEF-9C14BE9F7923}.Release|x86.Build.0 = Release|Any CPU
		{76D0C5F2-50E0-4BBE-BCD2-4F45FA5BF69D}.Debug|Any CPU.ActiveCfg = Debug|Any CPU
		{76D0C5F2-50E0-4BBE-BCD2-4F45FA5BF69D}.Debug|Any CPU.Build.0 = Debug|Any CPU
		{76D0C5F2-50E0-4BBE-BCD2-4F45FA5BF69D}.Debug|x64.ActiveCfg = Debug|Any CPU
		{76D0C5F2-50E0-4BBE-BCD2-4F45FA5BF69D}.Debug|x64.Build.0 = Debug|Any CPU
		{76D0C5F2-50E0-4BBE-BCD2-4F45FA5BF69D}.Debug|x86.ActiveCfg = Debug|Any CPU
		{76D0C5F2-50E0-4BBE-BCD2-4F45FA5BF69D}.Debug|x86.Build.0 = Debug|Any CPU
		{76D0C5F2-50E0-4BBE-BCD2-4F45FA5BF69D}.Release|Any CPU.ActiveCfg = Release|Any CPU
		{76D0C5F2-50E0-4BBE-BCD2-4F45FA5BF69D}.Release|Any CPU.Build.0 = Release|Any CPU
		{76D0C5F2-50E0-4BBE-BCD2-4F45FA5BF69D}.Release|x64.ActiveCfg = Release|Any CPU
		{76D0C5F2-50E0-4BBE-BCD2-4F45FA5BF69D}.Release|x64.Build.0 = Release|Any CPU
		{76D0C5F2-50E0-4BBE-BCD2-4F45FA5BF69D}.Release|x86.ActiveCfg = Release|Any CPU
		{76D0C5F2-50E0-4BBE-BCD2-4F45FA5BF69D}.Release|x86.Build.0 = Release|Any CPU
		{038936DB-04B1-4A38-8939-190DB489B4A5}.Debug|Any CPU.ActiveCfg = Debug|Any CPU
		{038936DB-04B1-4A38-8939-190DB489B4A5}.Debug|Any CPU.Build.0 = Debug|Any CPU
		{038936DB-04B1-4A38-8939-190DB489B4A5}.Debug|x64.ActiveCfg = Debug|Any CPU
		{038936DB-04B1-4A38-8939-190DB489B4A5}.Debug|x64.Build.0 = Debug|Any CPU
		{038936DB-04B1-4A38-8939-190DB489B4A5}.Debug|x86.ActiveCfg = Debug|Any CPU
		{038936DB-04B1-4A38-8939-190DB489B4A5}.Debug|x86.Build.0 = Debug|Any CPU
		{038936DB-04B1-4A38-8939-190DB489B4A5}.Release|Any CPU.ActiveCfg = Release|Any CPU
		{038936DB-04B1-4A38-8939-190DB489B4A5}.Release|Any CPU.Build.0 = Release|Any CPU
		{038936DB-04B1-4A38-8939-190DB489B4A5}.Release|x64.ActiveCfg = Release|Any CPU
		{038936DB-04B1-4A38-8939-190DB489B4A5}.Release|x64.Build.0 = Release|Any CPU
		{038936DB-04B1-4A38-8939-190DB489B4A5}.Release|x86.ActiveCfg = Release|Any CPU
		{038936DB-04B1-4A38-8939-190DB489B4A5}.Release|x86.Build.0 = Release|Any CPU
		{49DCF083-BFF3-45AC-B635-6E270BA90AAB}.Debug|Any CPU.ActiveCfg = Debug|Any CPU
		{49DCF083-BFF3-45AC-B635-6E270BA90AAB}.Debug|Any CPU.Build.0 = Debug|Any CPU
		{49DCF083-BFF3-45AC-B635-6E270BA90AAB}.Debug|x64.ActiveCfg = Debug|Any CPU
		{49DCF083-BFF3-45AC-B635-6E270BA90AAB}.Debug|x64.Build.0 = Debug|Any CPU
		{49DCF083-BFF3-45AC-B635-6E270BA90AAB}.Debug|x86.ActiveCfg = Debug|Any CPU
		{49DCF083-BFF3-45AC-B635-6E270BA90AAB}.Debug|x86.Build.0 = Debug|Any CPU
		{49DCF083-BFF3-45AC-B635-6E270BA90AAB}.Release|Any CPU.ActiveCfg = Release|Any CPU
		{49DCF083-BFF3-45AC-B635-6E270BA90AAB}.Release|Any CPU.Build.0 = Release|Any CPU
		{49DCF083-BFF3-45AC-B635-6E270BA90AAB}.Release|x64.ActiveCfg = Release|Any CPU
		{49DCF083-BFF3-45AC-B635-6E270BA90AAB}.Release|x64.Build.0 = Release|Any CPU
		{49DCF083-BFF3-45AC-B635-6E270BA90AAB}.Release|x86.ActiveCfg = Release|Any CPU
		{49DCF083-BFF3-45AC-B635-6E270BA90AAB}.Release|x86.Build.0 = Release|Any CPU
		{9447F100-0C06-4389-BA45-60718D5DF9B9}.Debug|Any CPU.ActiveCfg = Debug|Any CPU
		{9447F100-0C06-4389-BA45-60718D5DF9B9}.Debug|Any CPU.Build.0 = Debug|Any CPU
		{9447F100-0C06-4389-BA45-60718D5DF9B9}.Debug|x64.ActiveCfg = Debug|Any CPU
		{9447F100-0C06-4389-BA45-60718D5DF9B9}.Debug|x64.Build.0 = Debug|Any CPU
		{9447F100-0C06-4389-BA45-60718D5DF9B9}.Debug|x86.ActiveCfg = Debug|Any CPU
		{9447F100-0C06-4389-BA45-60718D5DF9B9}.Debug|x86.Build.0 = Debug|Any CPU
		{9447F100-0C06-4389-BA45-60718D5DF9B9}.Release|Any CPU.ActiveCfg = Release|Any CPU
		{9447F100-0C06-4389-BA45-60718D5DF9B9}.Release|Any CPU.Build.0 = Release|Any CPU
		{9447F100-0C06-4389-BA45-60718D5DF9B9}.Release|x64.ActiveCfg = Release|Any CPU
		{9447F100-0C06-4389-BA45-60718D5DF9B9}.Release|x64.Build.0 = Release|Any CPU
		{9447F100-0C06-4389-BA45-60718D5DF9B9}.Release|x86.ActiveCfg = Release|Any CPU
		{9447F100-0C06-4389-BA45-60718D5DF9B9}.Release|x86.Build.0 = Release|Any CPU
		{7564F874-D19B-4390-80DA-FE419E20BC72}.Debug|Any CPU.ActiveCfg = Debug|Any CPU
		{7564F874-D19B-4390-80DA-FE419E20BC72}.Debug|Any CPU.Build.0 = Debug|Any CPU
		{7564F874-D19B-4390-80DA-FE419E20BC72}.Debug|x64.ActiveCfg = Debug|Any CPU
		{7564F874-D19B-4390-80DA-FE419E20BC72}.Debug|x64.Build.0 = Debug|Any CPU
		{7564F874-D19B-4390-80DA-FE419E20BC72}.Debug|x86.ActiveCfg = Debug|Any CPU
		{7564F874-D19B-4390-80DA-FE419E20BC72}.Debug|x86.Build.0 = Debug|Any CPU
		{7564F874-D19B-4390-80DA-FE419E20BC72}.Release|Any CPU.ActiveCfg = Release|Any CPU
		{7564F874-D19B-4390-80DA-FE419E20BC72}.Release|Any CPU.Build.0 = Release|Any CPU
		{7564F874-D19B-4390-80DA-FE419E20BC72}.Release|x64.ActiveCfg = Release|Any CPU
		{7564F874-D19B-4390-80DA-FE419E20BC72}.Release|x64.Build.0 = Release|Any CPU
		{7564F874-D19B-4390-80DA-FE419E20BC72}.Release|x86.ActiveCfg = Release|Any CPU
		{7564F874-D19B-4390-80DA-FE419E20BC72}.Release|x86.Build.0 = Release|Any CPU
		{F5F4279A-E4F7-4020-9F27-2BA7F3DFFD3D}.Debug|Any CPU.ActiveCfg = Debug|Any CPU
		{F5F4279A-E4F7-4020-9F27-2BA7F3DFFD3D}.Debug|Any CPU.Build.0 = Debug|Any CPU
		{F5F4279A-E4F7-4020-9F27-2BA7F3DFFD3D}.Debug|x64.ActiveCfg = Debug|Any CPU
		{F5F4279A-E4F7-4020-9F27-2BA7F3DFFD3D}.Debug|x64.Build.0 = Debug|Any CPU
		{F5F4279A-E4F7-4020-9F27-2BA7F3DFFD3D}.Debug|x86.ActiveCfg = Debug|Any CPU
		{F5F4279A-E4F7-4020-9F27-2BA7F3DFFD3D}.Debug|x86.Build.0 = Debug|Any CPU
		{F5F4279A-E4F7-4020-9F27-2BA7F3DFFD3D}.Release|Any CPU.ActiveCfg = Release|Any CPU
		{F5F4279A-E4F7-4020-9F27-2BA7F3DFFD3D}.Release|Any CPU.Build.0 = Release|Any CPU
		{F5F4279A-E4F7-4020-9F27-2BA7F3DFFD3D}.Release|x64.ActiveCfg = Release|Any CPU
		{F5F4279A-E4F7-4020-9F27-2BA7F3DFFD3D}.Release|x64.Build.0 = Release|Any CPU
		{F5F4279A-E4F7-4020-9F27-2BA7F3DFFD3D}.Release|x86.ActiveCfg = Release|Any CPU
		{F5F4279A-E4F7-4020-9F27-2BA7F3DFFD3D}.Release|x86.Build.0 = Release|Any CPU
		{48E05826-AB0A-4C19-8BC2-0519CAC33C88}.Debug|Any CPU.ActiveCfg = Debug|Any CPU
		{48E05826-AB0A-4C19-8BC2-0519CAC33C88}.Debug|Any CPU.Build.0 = Debug|Any CPU
		{48E05826-AB0A-4C19-8BC2-0519CAC33C88}.Debug|x64.ActiveCfg = Debug|Any CPU
		{48E05826-AB0A-4C19-8BC2-0519CAC33C88}.Debug|x64.Build.0 = Debug|Any CPU
		{48E05826-AB0A-4C19-8BC2-0519CAC33C88}.Debug|x86.ActiveCfg = Debug|Any CPU
		{48E05826-AB0A-4C19-8BC2-0519CAC33C88}.Debug|x86.Build.0 = Debug|Any CPU
		{48E05826-AB0A-4C19-8BC2-0519CAC33C88}.Release|Any CPU.ActiveCfg = Release|Any CPU
		{48E05826-AB0A-4C19-8BC2-0519CAC33C88}.Release|Any CPU.Build.0 = Release|Any CPU
		{48E05826-AB0A-4C19-8BC2-0519CAC33C88}.Release|x64.ActiveCfg = Release|Any CPU
		{48E05826-AB0A-4C19-8BC2-0519CAC33C88}.Release|x64.Build.0 = Release|Any CPU
		{48E05826-AB0A-4C19-8BC2-0519CAC33C88}.Release|x86.ActiveCfg = Release|Any CPU
		{48E05826-AB0A-4C19-8BC2-0519CAC33C88}.Release|x86.Build.0 = Release|Any CPU
	EndGlobalSection
	GlobalSection(SolutionProperties) = preSolution
		HideSolutionNode = FALSE
	EndGlobalSection
	GlobalSection(NestedProjects) = preSolution
		{C9EAAE06-24D2-466F-99D7-74350E9C019E} = {FC2CB6CB-EDB9-4A35-BCA1-8EC7CA909B8F}
		{FC2303CC-D7B6-4EA6-83A4-57095917D646} = {6FBE1F45-B2E6-4730-973F-040127184CC7}
		{67B54D2F-7198-427C-AEFD-791FC2E2D9F8} = {6FBE1F45-B2E6-4730-973F-040127184CC7}
		{2ACA405A-7CA2-43DC-80E1-8554D74759AB} = {6FBE1F45-B2E6-4730-973F-040127184CC7}
		{83F1DBC6-6234-4F4D-AEEF-9C14BE9F7923} = {FC2CB6CB-EDB9-4A35-BCA1-8EC7CA909B8F}
		{76D0C5F2-50E0-4BBE-BCD2-4F45FA5BF69D} = {13C2C793-6065-4F9F-9FC4-DA84BA0706D7}
		{038936DB-04B1-4A38-8939-190DB489B4A5} = {13C2C793-6065-4F9F-9FC4-DA84BA0706D7}
		{49DCF083-BFF3-45AC-B635-6E270BA90AAB} = {AA388DA3-ACDB-4D00-ABEE-2FE27B41927D}
		{9447F100-0C06-4389-BA45-60718D5DF9B9} = {AA388DA3-ACDB-4D00-ABEE-2FE27B41927D}
		{7564F874-D19B-4390-80DA-FE419E20BC72} = {1FAA5FA7-531C-4D9C-AB69-288754F55D1F}
		{F5F4279A-E4F7-4020-9F27-2BA7F3DFFD3D} = {1FAA5FA7-531C-4D9C-AB69-288754F55D1F}
		{48E05826-AB0A-4C19-8BC2-0519CAC33C88} = {6FBE1F45-B2E6-4730-973F-040127184CC7}
	EndGlobalSection
	GlobalSection(ExtensibilityGlobals) = postSolution
		SolutionGuid = {DD22851D-FE4A-4865-B560-A7A8275DC456}
	EndGlobalSection
EndGlobal
