
Microsoft Visual Studio Solution File, Format Version 12.00
# Visual Studio Version 16
VisualStudioVersion = 16.0.30011.22
MinimumVisualStudioVersion = 10.0.40219.1
Project("{9A19103F-16F7-4668-BE54-9A1E7A4F7556}") = "OMF.CustomerManagementService.Query.Api", "OMF.CustomerManagementService.Query.Api\OMF.CustomerManagementService.Query.Api.csproj", "{E0474F83-D48C-4B7D-BFA0-14EA49767319}"
EndProject
Project("{9A19103F-16F7-4668-BE54-9A1E7A4F7556}") = "BaseService", "..\..\Infrastructure\BaseService\BaseService.csproj", "{3948F27B-B745-4C19-A6F5-AB267BEEFC83}"
EndProject
Project("{9A19103F-16F7-4668-BE54-9A1E7A4F7556}") = "OMF.Common", "..\..\OMF.Common\OMF.Common.csproj", "{A3687C80-7DD1-4CE6-9C4A-EF543BE95979}"
EndProject
Project("{9A19103F-16F7-4668-BE54-9A1E7A4F7556}") = "OMF.CustomerManagementService.Query.Service", "OMF.CustomerManagementService.Query.Service\OMF.CustomerManagementService.Query.Service.csproj", "{B1DD801B-9F12-4927-B86C-05BB5EBFD074}"
EndProject
Project("{9A19103F-16F7-4668-BE54-9A1E7A4F7556}") = "OMF.CustomerManagementService.Query.Repository", "OMF.CustomerManagementService.Query.Repository\OMF.CustomerManagementService.Query.Repository.csproj", "{B65AA897-32C4-4D44-8249-FAC2CF061101}"
EndProject
Project("{FAE04EC0-301F-11D3-BF4B-00C04F79EFBC}") = "OMF.CustomerManagementService.Query.Test", "OMF.CustomerManagementService.Query.Test\OMF.CustomerManagementService.Query.Test.csproj", "{C3FE48FD-7AA8-45A2-8463-35B2259F552C}"
EndProject
Global
	GlobalSection(SolutionConfigurationPlatforms) = preSolution
		Debug|Any CPU = Debug|Any CPU
		Release|Any CPU = Release|Any CPU
	EndGlobalSection
	GlobalSection(ProjectConfigurationPlatforms) = postSolution
		{E0474F83-D48C-4B7D-BFA0-14EA49767319}.Debug|Any CPU.ActiveCfg = Debug|Any CPU
		{E0474F83-D48C-4B7D-BFA0-14EA49767319}.Debug|Any CPU.Build.0 = Debug|Any CPU
		{E0474F83-D48C-4B7D-BFA0-14EA49767319}.Release|Any CPU.ActiveCfg = Release|Any CPU
		{E0474F83-D48C-4B7D-BFA0-14EA49767319}.Release|Any CPU.Build.0 = Release|Any CPU
		{3948F27B-B745-4C19-A6F5-AB267BEEFC83}.Debug|Any CPU.ActiveCfg = Debug|Any CPU
		{3948F27B-B745-4C19-A6F5-AB267BEEFC83}.Debug|Any CPU.Build.0 = Debug|Any CPU
		{3948F27B-B745-4C19-A6F5-AB267BEEFC83}.Release|Any CPU.ActiveCfg = Release|Any CPU
		{3948F27B-B745-4C19-A6F5-AB267BEEFC83}.Release|Any CPU.Build.0 = Release|Any CPU
		{A3687C80-7DD1-4CE6-9C4A-EF543BE95979}.Debug|Any CPU.ActiveCfg = Debug|Any CPU
		{A3687C80-7DD1-4CE6-9C4A-EF543BE95979}.Debug|Any CPU.Build.0 = Debug|Any CPU
		{A3687C80-7DD1-4CE6-9C4A-EF543BE95979}.Release|Any CPU.ActiveCfg = Release|Any CPU
		{A3687C80-7DD1-4CE6-9C4A-EF543BE95979}.Release|Any CPU.Build.0 = Release|Any CPU
		{B1DD801B-9F12-4927-B86C-05BB5EBFD074}.Debug|Any CPU.ActiveCfg = Debug|Any CPU
		{B1DD801B-9F12-4927-B86C-05BB5EBFD074}.Debug|Any CPU.Build.0 = Debug|Any CPU
		{B1DD801B-9F12-4927-B86C-05BB5EBFD074}.Release|Any CPU.ActiveCfg = Release|Any CPU
		{B1DD801B-9F12-4927-B86C-05BB5EBFD074}.Release|Any CPU.Build.0 = Release|Any CPU
		{B65AA897-32C4-4D44-8249-FAC2CF061101}.Debug|Any CPU.ActiveCfg = Debug|Any CPU
		{B65AA897-32C4-4D44-8249-FAC2CF061101}.Debug|Any CPU.Build.0 = Debug|Any CPU
		{B65AA897-32C4-4D44-8249-FAC2CF061101}.Release|Any CPU.ActiveCfg = Release|Any CPU
		{B65AA897-32C4-4D44-8249-FAC2CF061101}.Release|Any CPU.Build.0 = Release|Any CPU
		{C3FE48FD-7AA8-45A2-8463-35B2259F552C}.Debug|Any CPU.ActiveCfg = Debug|Any CPU
		{C3FE48FD-7AA8-45A2-8463-35B2259F552C}.Debug|Any CPU.Build.0 = Debug|Any CPU
		{C3FE48FD-7AA8-45A2-8463-35B2259F552C}.Release|Any CPU.ActiveCfg = Release|Any CPU
		{C3FE48FD-7AA8-45A2-8463-35B2259F552C}.Release|Any CPU.Build.0 = Release|Any CPU
	EndGlobalSection
	GlobalSection(SolutionProperties) = preSolution
		HideSolutionNode = FALSE
	EndGlobalSection
	GlobalSection(ExtensibilityGlobals) = postSolution
		SolutionGuid = {BD2D3046-81AD-4C5D-AEF8-EAB4EA9B3B56}
	EndGlobalSection
EndGlobal
